{
    "_readme": [
        "This file locks the dependencies of your project to a known state",
        "Read more about it at https://getcomposer.org/doc/01-basic-usage.md#installing-dependencies",
        "This file is @generated automatically"
    ],
    "content-hash": "87e656ee796bc72c3ea45aa2ab38cbc3",
    "packages": [
        {
            "name": "quickbooks/v3-php-sdk",
            "version": "dev-master",
            "source": {
                "type": "git",
                "url": "https://github.com/intuit/QuickBooks-V3-PHP-SDK.git",
                "reference": "63419280bccebd4803fac1fd5077633c76c15fda"
            },
            "dist": {
                "type": "zip",
                "url": "https://api.github.com/repos/intuit/QuickBooks-V3-PHP-SDK/zipball/63419280bccebd4803fac1fd5077633c76c15fda",
                "reference": "63419280bccebd4803fac1fd5077633c76c15fda",
                "shasum": ""
            },
            "require": {
                "ext-dom": "*",
                "ext-mbstring": "*",
                "php": ">=5.6.0"
            },
            "require-dev": {
                "phpunit/phpunit": "^5.0 || ^6.0 || ^7.0"
            },
            "suggest": {
                "ext-curl": "Uses Curl to make HTTP Requests",
                "guzzlehttp/guzzle": "Uses Guzzle to make HTTP Requests"
            },
            "default-branch": true,
            "type": "library",
            "autoload": {
                "psr-4": {
                    "QuickBooksOnline\\API\\": "src/"
                }
            },
            "notification-url": "https://packagist.org/downloads/",
            "license": [
                "Apache-2.0"
            ],
            "authors": [
                {
                    "name": "abisalehalliprasan",
                    "email": "anil_kumar3@intuit.com"
                }
            ],
            "description": "The Official PHP SDK for QuickBooks Online Accounting API",
            "homepage": "http://developer.intuit.com",
            "keywords": [
                "api",
                "http",
                "quickbooks",
                "rest",
                "smallbusiness"
            ],
            "support": {
                "issues": "https://github.com/intuit/QuickBooks-V3-PHP-SDK/issues",
                "source": "https://github.com/intuit/QuickBooks-V3-PHP-SDK/tree/6.0.3"
            },
            "time": "2022-02-04T00:41:34+00:00"
        }
    ],
    "packages-dev": [],
    "aliases": [],
    "minimum-stability": "dev",
    "stability-flags": {
        "quickbooks/v3-php-sdk": 20
    },
    "prefer-stable": false,
    "prefer-lowest": false,
    "platform": [],
    "platform-dev": [],
    "plugin-api-version": "2.2.0"
}
